
Microsoft Visual Studio Solution File, Format Version 12.00
# Visual Studio 15
VisualStudioVersion = 15.0.28010.2003
MinimumVisualStudioVersion = 10.0.40219.1
Project("{F2A71F9B-5D33-465A-A702-920D77279786}") = "QuadKey", "QuadKey\QuadKey.fsproj", "{8DD9F418-51BF-4A34-9AFC-695F417E424C}"
EndProject
Global
	GlobalSection(SolutionConfigurationPlatforms) = preSolution
		Debug|Any CPU = Debug|Any CPU
		Release|Any CPU = Release|Any CPU
	EndGlobalSection
	GlobalSection(ProjectConfigurationPlatforms) = postSolution
		{8DD9F418-51BF-4A34-9AFC-695F417E424C}.Debug|Any CPU.ActiveCfg = Debug|Any CPU
		{8DD9F418-51BF-4A34-9AFC-695F417E424C}.Debug|Any CPU.Build.0 = Debug|Any CPU
		{8DD9F418-51BF-4A34-9AFC-695F417E424C}.Release|Any CPU.ActiveCfg = Release|Any CPU
		{8DD9F418-51BF-4A34-9AFC-695F417E424C}.Release|Any CPU.Build.0 = Release|Any CPU
	EndGlobalSection
	GlobalSection(SolutionProperties) = preSolution
		HideSolutionNode = FALSE
	EndGlobalSection
	GlobalSection(ExtensibilityGlobals) = postSolution
		SolutionGuid = {171933B2-C885-4960-B7CD-61E552A1A09F}
	EndGlobalSection
EndGlobal
